
Microsoft Visual Studio Solution File, Format Version 12.00
# Visual Studio Version 17
VisualStudioVersion = 17.0.31903.59
MinimumVisualStudioVersion = 10.0.40219.1
Project("{9A19103F-16F7-4668-BE54-9A1E7A4F7556}") = "KristofferStrube.Blazor.DOM", "src\KristofferStrube.Blazor.DOM\KristofferStrube.Blazor.DOM.csproj", "{248A702A-D8EC-4F32-8DE4-74425E4681CF}"
EndProject
Project("{9A19103F-16F7-4668-BE54-9A1E7A4F7556}") = "KristofferStrube.Blazor.DOM.WasmExample", "samples\KristofferStrube.Blazor.DOM.WasmExample\KristofferStrube.Blazor.DOM.WasmExample.csproj", "{A882B8B4-D8F8-4621-BD5B-7ABF09A24FC3}"
EndProject
Global
	GlobalSection(SolutionConfigurationPlatforms) = preSolution
		Debug|Any CPU = Debug|Any CPU
		Release|Any CPU = Release|Any CPU
	EndGlobalSection
	GlobalSection(ProjectConfigurationPlatforms) = postSolution
		{248A702A-D8EC-4F32-8DE4-74425E4681CF}.Debug|Any CPU.ActiveCfg = Debug|Any CPU
		{248A702A-D8EC-4F32-8DE4-74425E4681CF}.Debug|Any CPU.Build.0 = Debug|Any CPU
		{248A702A-D8EC-4F32-8DE4-74425E4681CF}.Release|Any CPU.ActiveCfg = Release|Any CPU
		{248A702A-D8EC-4F32-8DE4-74425E4681CF}.Release|Any CPU.Build.0 = Release|Any CPU
		{A882B8B4-D8F8-4621-BD5B-7ABF09A24FC3}.Debug|Any CPU.ActiveCfg = Debug|Any CPU
		{A882B8B4-D8F8-4621-BD5B-7ABF09A24FC3}.Debug|Any CPU.Build.0 = Debug|Any CPU
		{A882B8B4-D8F8-4621-BD5B-7ABF09A24FC3}.Release|Any CPU.ActiveCfg = Release|Any CPU
		{A882B8B4-D8F8-4621-BD5B-7ABF09A24FC3}.Release|Any CPU.Build.0 = Release|Any CPU
	EndGlobalSection
	GlobalSection(SolutionProperties) = preSolution
		HideSolutionNode = FALSE
	EndGlobalSection
	GlobalSection(ExtensibilityGlobals) = postSolution
		SolutionGuid = {CB55D95B-6B5E-4343-96E1-F7325DB9C6DA}
	EndGlobalSection
EndGlobal
